
Microsoft Visual Studio Solution File, Format Version 12.00
# Visual Studio Version 17
VisualStudioVersion = 17.3.32929.385
MinimumVisualStudioVersion = 10.0.40219.1
Project("{FAE04EC0-301F-11D3-BF4B-00C04F79EFBC}") = "Client (Desktop)", "Client\GUI\Client_GUI\Client (Desktop).csproj", "{E6EE583E-8568-40C2-902E-89992022C589}"
EndProject
Project("{FAE04EC0-301F-11D3-BF4B-00C04F79EFBC}") = "Client (Terminal)", "Client\TUI\Client\Client (Terminal).csproj", "{B90E2F51-F49C-4B54-B679-0FD3E27EABD7}"
EndProject
Project("{FAE04EC0-301F-11D3-BF4B-00C04F79EFBC}") = "Server", "Server\Server\Server.csproj", "{7BEA1574-3ABA-4E5B-9914-09061023F946}"
EndProject
Project("{FAE04EC0-301F-11D3-BF4B-00C04F79EFBC}") = "MaChe.Common", "MaChe.Common\MaChe.Common.csproj", "{74279D68-D6BB-4224-BDAD-B800A20EB1EA}"
EndProject
Global
	GlobalSection(SolutionConfigurationPlatforms) = preSolution
		Debug|Any CPU = Debug|Any CPU
		Release|Any CPU = Release|Any CPU
	EndGlobalSection
	GlobalSection(ProjectConfigurationPlatforms) = postSolution
		{E6EE583E-8568-40C2-902E-89992022C589}.Debug|Any CPU.ActiveCfg = Debug|Any CPU
		{E6EE583E-8568-40C2-902E-89992022C589}.Debug|Any CPU.Build.0 = Debug|Any CPU
		{E6EE583E-8568-40C2-902E-89992022C589}.Release|Any CPU.ActiveCfg = Release|Any CPU
		{E6EE583E-8568-40C2-902E-89992022C589}.Release|Any CPU.Build.0 = Release|Any CPU
		{B90E2F51-F49C-4B54-B679-0FD3E27EABD7}.Debug|Any CPU.ActiveCfg = Debug|Any CPU
		{B90E2F51-F49C-4B54-B679-0FD3E27EABD7}.Debug|Any CPU.Build.0 = Debug|Any CPU
		{B90E2F51-F49C-4B54-B679-0FD3E27EABD7}.Release|Any CPU.ActiveCfg = Release|Any CPU
		{B90E2F51-F49C-4B54-B679-0FD3E27EABD7}.Release|Any CPU.Build.0 = Release|Any CPU
		{7BEA1574-3ABA-4E5B-9914-09061023F946}.Debug|Any CPU.ActiveCfg = Debug|Any CPU
		{7BEA1574-3ABA-4E5B-9914-09061023F946}.Debug|Any CPU.Build.0 = Debug|Any CPU
		{7BEA1574-3ABA-4E5B-9914-09061023F946}.Release|Any CPU.ActiveCfg = Release|Any CPU
		{7BEA1574-3ABA-4E5B-9914-09061023F946}.Release|Any CPU.Build.0 = Release|Any CPU
		{74279D68-D6BB-4224-BDAD-B800A20EB1EA}.Debug|Any CPU.ActiveCfg = Debug|Any CPU
		{74279D68-D6BB-4224-BDAD-B800A20EB1EA}.Debug|Any CPU.Build.0 = Debug|Any CPU
		{74279D68-D6BB-4224-BDAD-B800A20EB1EA}.Release|Any CPU.ActiveCfg = Release|Any CPU
		{74279D68-D6BB-4224-BDAD-B800A20EB1EA}.Release|Any CPU.Build.0 = Release|Any CPU
	EndGlobalSection
	GlobalSection(SolutionProperties) = preSolution
		HideSolutionNode = FALSE
	EndGlobalSection
	GlobalSection(ExtensibilityGlobals) = postSolution
		SolutionGuid = {E2AD16E0-505C-45F9-A98A-08D1094FC0C2}
	EndGlobalSection
EndGlobal
